# generated by rye
# use `rye lock` or `rye sync` to update this lockfile
#
# last locked with the following flags:
#   pre: false
#   features: []
#   all-features: false

-e file:.
ansible==9.1.0
ansible-core==2.16.2
cffi==1.16.0
cryptography==41.0.7
jinja2==3.1.2
markupsafe==2.1.3
packaging==23.2
pycparser==2.21
pyyaml==6.0.1
resolvelib==1.0.1
